// !$*UTF8*$!
{
	archiveVersion = 1;
	classes = {
	};
	objectVersion = 46;
	objects = {

/* Begin PBXBuildFile section */
		70B43DF40ABEE028258A6058 /* libPods-WaterfallFlowDemo.a in Frameworks */ = {isa = PBXBuildFile; fileRef = 213FCA77D2160A410E877628 /* libPods-WaterfallFlowDemo.a */; };
		E41400101C7D829800B44FD2 /* Assets.xcassets in Resources */ = {isa = PBXBuildFile; fileRef = E414000F1C7D829800B44FD2 /* Assets.xcassets */; };
		E41400131C7D829800B44FD2 /* LaunchScreen.storyboard in Resources */ = {isa = PBXBuildFile; fileRef = E41400111C7D829800B44FD2 /* LaunchScreen.storyboard */; };
		E414001E1C7D829800B44FD2 /* WaterfallFlowDemoTests.m in Sources */ = {isa = PBXBuildFile; fileRef = E414001D1C7D829800B44FD2 /* WaterfallFlowDemoTests.m */; };
		E41400291C7D829800B44FD2 /* WaterfallFlowDemoUITests.m in Sources */ = {isa = PBXBuildFile; fileRef = E41400281C7D829800B44FD2 /* WaterfallFlowDemoUITests.m */; };
		E46FC6E71C7EDD0400DEFB45 /* UIView+Extension.m in Sources */ = {isa = PBXBuildFile; fileRef = E46FC6DA1C7EDD0400DEFB45 /* UIView+Extension.m */; };
		E46FC6E81C7EDD0400DEFB45 /* HZShopViewController.m in Sources */ = {isa = PBXBuildFile; fileRef = E46FC6DD1C7EDD0400DEFB45 /* HZShopViewController.m */; };
		E46FC6E91C7EDD0400DEFB45 /* AppDelegate.m in Sources */ = {isa = PBXBuildFile; fileRef = E46FC6E11C7EDD0400DEFB45 /* AppDelegate.m */; };
		E46FC6EA1C7EDD0400DEFB45 /* main.m in Sources */ = {isa = PBXBuildFile; fileRef = E46FC6E21C7EDD0400DEFB45 /* main.m */; };
		E46FC6EB1C7EDD0400DEFB45 /* Main.storyboard in Resources */ = {isa = PBXBuildFile; fileRef = E46FC6E31C7EDD0400DEFB45 /* Main.storyboard */; };
		E46FC6EC1C7EDD0400DEFB45 /* HZShopCell.m in Sources */ = {isa = PBXBuildFile; fileRef = E46FC6E61C7EDD0400DEFB45 /* HZShopCell.m */; };
		E46FC6F21C7EDD1700DEFB45 /* HZWaterfallFlowView.m in Sources */ = {isa = PBXBuildFile; fileRef = E46FC6EF1C7EDD1700DEFB45 /* HZWaterfallFlowView.m */; };
		E46FC6F31C7EDD1700DEFB45 /* HZWaterfallFlowViewCell.m in Sources */ = {isa = PBXBuildFile; fileRef = E46FC6F11C7EDD1700DEFB45 /* HZWaterfallFlowViewCell.m */; };
		E46FC6F61C7EDD4100DEFB45 /* HZShop.m in Sources */ = {isa = PBXBuildFile; fileRef = E46FC6F51C7EDD4100DEFB45 /* HZShop.m */; };
		E46FC6FA1C7EDE3500DEFB45 /* 1.plist in Resources */ = {isa = PBXBuildFile; fileRef = E46FC6F71C7EDE3500DEFB45 /* 1.plist */; };
		E46FC6FB1C7EDE3500DEFB45 /* 2.plist in Resources */ = {isa = PBXBuildFile; fileRef = E46FC6F81C7EDE3500DEFB45 /* 2.plist */; };
		E46FC6FC1C7EDE3500DEFB45 /* 3.plist in Resources */ = {isa = PBXBuildFile; fileRef = E46FC6F91C7EDE3500DEFB45 /* 3.plist */; };
/* End PBXBuildFile section */

/* Begin PBXContainerItemProxy section */
		E414001A1C7D829800B44FD2 /* PBXContainerItemProxy */ = {
			isa = PBXContainerItemProxy;
			containerPortal = E414FFF81C7D829800B44FD2 /* Project object */;
			proxyType = 1;
			remoteGlobalIDString = E414FFFF1C7D829800B44FD2;
			remoteInfo = WaterfallFlowDemo;
		};
		E41400251C7D829800B44FD2 /* PBXContainerItemProxy */ = {
			isa = PBXContainerItemProxy;
			containerPortal = E414FFF81C7D829800B44FD2 /* Project object */;
			proxyType = 1;
			remoteGlobalIDString = E414FFFF1C7D829800B44FD2;
			remoteInfo = WaterfallFlowDemo;
		};
/* End PBXContainerItemProxy section */

/* Begin PBXFileReference section */
		04A2724EE7F059B6D47B20B7 /* Pods-WaterfallFlowDemo.release.xcconfig */ = {isa = PBXFileReference; includeInIndex = 1; lastKnownFileType = text.xcconfig; name = "Pods-WaterfallFlowDemo.release.xcconfig"; path = "Pods/Target Support Files/Pods-WaterfallFlowDemo/Pods-WaterfallFlowDemo.release.xcconfig"; sourceTree = "<group>"; };
		213FCA77D2160A410E877628 /* libPods-WaterfallFlowDemo.a */ = {isa = PBXFileReference; explicitFileType = archive.ar; includeInIndex = 0; path = "libPods-WaterfallFlowDemo.a"; sourceTree = BUILT_PRODUCTS_DIR; };
		E41400001C7D829800B44FD2 /* WaterfallFlowDemo.app */ = {isa = PBXFileReference; explicitFileType = wrapper.application; includeInIndex = 0; path = WaterfallFlowDemo.app; sourceTree = BUILT_PRODUCTS_DIR; };
		E414000F1C7D829800B44FD2 /* Assets.xcassets */ = {isa = PBXFileReference; lastKnownFileType = folder.assetcatalog; path = Assets.xcassets; sourceTree = "<group>"; };
		E41400121C7D829800B44FD2 /* Base */ = {isa = PBXFileReference; lastKnownFileType = file.storyboard; name = Base; path = Base.lproj/LaunchScreen.storyboard; sourceTree = "<group>"; };
		E41400141C7D829800B44FD2 /* Info.plist */ = {isa = PBXFileReference; lastKnownFileType = text.plist.xml; path = Info.plist; sourceTree = "<group>"; };
		E41400191C7D829800B44FD2 /* WaterfallFlowDemoTests.xctest */ = {isa = PBXFileReference; explicitFileType = wrapper.cfbundle; includeInIndex = 0; path = WaterfallFlowDemoTests.xctest; sourceTree = BUILT_PRODUCTS_DIR; };
		E414001D1C7D829800B44FD2 /* WaterfallFlowDemoTests.m */ = {isa = PBXFileReference; lastKnownFileType = sourcecode.c.objc; path = WaterfallFlowDemoTests.m; sourceTree = "<group>"; };
		E414001F1C7D829800B44FD2 /* Info.plist */ = {isa = PBXFileReference; lastKnownFileType = text.plist.xml; path = Info.plist; sourceTree = "<group>"; };
		E41400241C7D829800B44FD2 /* WaterfallFlowDemoUITests.xctest */ = {isa = PBXFileReference; explicitFileType = wrapper.cfbundle; includeInIndex = 0; path = WaterfallFlowDemoUITests.xctest; sourceTree = BUILT_PRODUCTS_DIR; };
		E41400281C7D829800B44FD2 /* WaterfallFlowDemoUITests.m */ = {isa = PBXFileReference; lastKnownFileType = sourcecode.c.objc; path = WaterfallFlowDemoUITests.m; sourceTree = "<group>"; };
		E414002A1C7D829800B44FD2 /* Info.plist */ = {isa = PBXFileReference; lastKnownFileType = text.plist.xml; path = Info.plist; sourceTree = "<group>"; };
		E414003E1C7D8DB700B44FD2 /* HZPrefixHeader.pch */ = {isa = PBXFileReference; fileEncoding = 4; lastKnownFileType = sourcecode.c.h; path = HZPrefixHeader.pch; sourceTree = "<group>"; };
		E46FC6D91C7EDD0400DEFB45 /* UIView+Extension.h */ = {isa = PBXFileReference; fileEncoding = 4; lastKnownFileType = sourcecode.c.h; path = "UIView+Extension.h"; sourceTree = "<group>"; };
		E46FC6DA1C7EDD0400DEFB45 /* UIView+Extension.m */ = {isa = PBXFileReference; fileEncoding = 4; lastKnownFileType = sourcecode.c.objc; path = "UIView+Extension.m"; sourceTree = "<group>"; };
		E46FC6DC1C7EDD0400DEFB45 /* HZShopViewController.h */ = {isa = PBXFileReference; fileEncoding = 4; lastKnownFileType = sourcecode.c.h; path = HZShopViewController.h; sourceTree = "<group>"; };
		E46FC6DD1C7EDD0400DEFB45 /* HZShopViewController.m */ = {isa = PBXFileReference; fileEncoding = 4; lastKnownFileType = sourcecode.c.objc; path = HZShopViewController.m; sourceTree = "<group>"; };
		E46FC6E01C7EDD0400DEFB45 /* AppDelegate.h */ = {isa = PBXFileReference; fileEncoding = 4; lastKnownFileType = sourcecode.c.h; path = AppDelegate.h; sourceTree = "<group>"; };
		E46FC6E11C7EDD0400DEFB45 /* AppDelegate.m */ = {isa = PBXFileReference; fileEncoding = 4; lastKnownFileType = sourcecode.c.objc; path = AppDelegate.m; sourceTree = "<group>"; };
		E46FC6E21C7EDD0400DEFB45 /* main.m */ = {isa = PBXFileReference; fileEncoding = 4; lastKnownFileType = sourcecode.c.objc; path = main.m; sourceTree = "<group>"; };
		E46FC6E31C7EDD0400DEFB45 /* Main.storyboard */ = {isa = PBXFileReference; fileEncoding = 4; lastKnownFileType = file.storyboard; path = Main.storyboard; sourceTree = "<group>"; };
		E46FC6E51C7EDD0400DEFB45 /* HZShopCell.h */ = {isa = PBXFileReference; fileEncoding = 4; lastKnownFileType = sourcecode.c.h; path = HZShopCell.h; sourceTree = "<group>"; };
		E46FC6E61C7EDD0400DEFB45 /* HZShopCell.m */ = {isa = PBXFileReference; fileEncoding = 4; lastKnownFileType = sourcecode.c.objc; path = HZShopCell.m; sourceTree = "<group>"; };
		E46FC6EE1C7EDD1700DEFB45 /* HZWaterfallFlowView.h */ = {isa = PBXFileReference; fileEncoding = 4; lastKnownFileType = sourcecode.c.h; path = HZWaterfallFlowView.h; sourceTree = "<group>"; };
		E46FC6EF1C7EDD1700DEFB45 /* HZWaterfallFlowView.m */ = {isa = PBXFileReference; fileEncoding = 4; lastKnownFileType = sourcecode.c.objc; path = HZWaterfallFlowView.m; sourceTree = "<group>"; };
		E46FC6F01C7EDD1700DEFB45 /* HZWaterfallFlowViewCell.h */ = {isa = PBXFileReference; fileEncoding = 4; lastKnownFileType = sourcecode.c.h; path = HZWaterfallFlowViewCell.h; sourceTree = "<group>"; };
		E46FC6F11C7EDD1700DEFB45 /* HZWaterfallFlowViewCell.m */ = {isa = PBXFileReference; fileEncoding = 4; lastKnownFileType = sourcecode.c.objc; path = HZWaterfallFlowViewCell.m; sourceTree = "<group>"; };
		E46FC6F41C7EDD4100DEFB45 /* HZShop.h */ = {isa = PBXFileReference; fileEncoding = 4; lastKnownFileType = sourcecode.c.h; path = HZShop.h; sourceTree = "<group>"; };
		E46FC6F51C7EDD4100DEFB45 /* HZShop.m */ = {isa = PBXFileReference; fileEncoding = 4; lastKnownFileType = sourcecode.c.objc; path = HZShop.m; sourceTree = "<group>"; };
		E46FC6F71C7EDE3500DEFB45 /* 1.plist */ = {isa = PBXFileReference; fileEncoding = 4; lastKnownFileType = text.plist.xml; path = 1.plist; sourceTree = "<group>"; };
		E46FC6F81C7EDE3500DEFB45 /* 2.plist */ = {isa = PBXFileReference; fileEncoding = 4; lastKnownFileType = text.plist.xml; path = 2.plist; sourceTree = "<group>"; };
		E46FC6F91C7EDE3500DEFB45 /* 3.plist */ = {isa = PBXFileReference; fileEncoding = 4; lastKnownFileType = text.plist.xml; path = 3.plist; sourceTree = "<group>"; };
		FD7389C50A51255BFD3E60A1 /* Pods-WaterfallFlowDemo.debug.xcconfig */ = {isa = PBXFileReference; includeInIndex = 1; lastKnownFileType = text.xcconfig; name = "Pods-WaterfallFlowDemo.debug.xcconfig"; path = "Pods/Target Support Files/Pods-WaterfallFlowDemo/Pods-WaterfallFlowDemo.debug.xcconfig"; sourceTree = "<group>"; };
/* End PBXFileReference section */

/* Begin PBXFrameworksBuildPhase section */
		E41400161C7D829800B44FD2 /* Frameworks */ = {
			isa = PBXFrameworksBuildPhase;
			buildActionMask = 2147483647;
			files = (
			);
			runOnlyForDeploymentPostprocessing = 0;
		};
		E41400211C7D829800B44FD2 /* Frameworks */ = {
			isa = PBXFrameworksBuildPhase;
			buildActionMask = 2147483647;
			files = (
			);
			runOnlyForDeploymentPostprocessing = 0;
		};
		E414FFFD1C7D829800B44FD2 /* Frameworks */ = {
			isa = PBXFrameworksBuildPhase;
			buildActionMask = 2147483647;
			files = (
				70B43DF40ABEE028258A6058 /* libPods-WaterfallFlowDemo.a in Frameworks */,
			);
			runOnlyForDeploymentPostprocessing = 0;
		};
/* End PBXFrameworksBuildPhase section */

/* Begin PBXGroup section */
		0B321D6F25FD00988FDDB780 /* Frameworks */ = {
			isa = PBXGroup;
			children = (
				213FCA77D2160A410E877628 /* libPods-WaterfallFlowDemo.a */,
			);
			name = Frameworks;
			sourceTree = "<group>";
		};
		8E89634785AFA02FD390DAE0 /* Pods */ = {
			isa = PBXGroup;
			children = (
				FD7389C50A51255BFD3E60A1 /* Pods-WaterfallFlowDemo.debug.xcconfig */,
				04A2724EE7F059B6D47B20B7 /* Pods-WaterfallFlowDemo.release.xcconfig */,
			);
			name = Pods;
			sourceTree = "<group>";
		};
		E41400011C7D829800B44FD2 /* Products */ = {
			isa = PBXGroup;
			children = (
				E41400001C7D829800B44FD2 /* WaterfallFlowDemo.app */,
				E41400191C7D829800B44FD2 /* WaterfallFlowDemoTests.xctest */,
				E41400241C7D829800B44FD2 /* WaterfallFlowDemoUITests.xctest */,
			);
			name = Products;
			sourceTree = "<group>";
		};
		E41400021C7D829800B44FD2 /* WaterfallFlowDemo */ = {
			isa = PBXGroup;
			children = (
				E46FC6D71C7EDD0400DEFB45 /* Classes */,
				E41400031C7D829800B44FD2 /* Supporting Files */,
			);
			path = WaterfallFlowDemo;
			sourceTree = "<group>";
		};
		E41400031C7D829800B44FD2 /* Supporting Files */ = {
			isa = PBXGroup;
			children = (
				E46FC6F71C7EDE3500DEFB45 /* 1.plist */,
				E46FC6F81C7EDE3500DEFB45 /* 2.plist */,
				E46FC6F91C7EDE3500DEFB45 /* 3.plist */,
				E414000F1C7D829800B44FD2 /* Assets.xcassets */,
				E41400111C7D829800B44FD2 /* LaunchScreen.storyboard */,
				E41400141C7D829800B44FD2 /* Info.plist */,
				E414003E1C7D8DB700B44FD2 /* HZPrefixHeader.pch */,
			);
			name = "Supporting Files";
			sourceTree = "<group>";
		};
		E414001C1C7D829800B44FD2 /* WaterfallFlowDemoTests */ = {
			isa = PBXGroup;
			children = (
				E414001D1C7D829800B44FD2 /* WaterfallFlowDemoTests.m */,
				E414001F1C7D829800B44FD2 /* Info.plist */,
			);
			path = WaterfallFlowDemoTests;
			sourceTree = "<group>";
		};
		E41400271C7D829800B44FD2 /* WaterfallFlowDemoUITests */ = {
			isa = PBXGroup;
			children = (
				E41400281C7D829800B44FD2 /* WaterfallFlowDemoUITests.m */,
				E414002A1C7D829800B44FD2 /* Info.plist */,
			);
			path = WaterfallFlowDemoUITests;
			sourceTree = "<group>";
		};
		E414FFF71C7D829800B44FD2 = {
			isa = PBXGroup;
			children = (
				E41400021C7D829800B44FD2 /* WaterfallFlowDemo */,
				E414001C1C7D829800B44FD2 /* WaterfallFlowDemoTests */,
				E41400271C7D829800B44FD2 /* WaterfallFlowDemoUITests */,
				E41400011C7D829800B44FD2 /* Products */,
				8E89634785AFA02FD390DAE0 /* Pods */,
				0B321D6F25FD00988FDDB780 /* Frameworks */,
			);
			sourceTree = "<group>";
		};
		E46FC6D71C7EDD0400DEFB45 /* Classes */ = {
			isa = PBXGroup;
			children = (
				E46FC6ED1C7EDD1700DEFB45 /* HZWaterfallFlow */,
				E46FC6D81C7EDD0400DEFB45 /* Category */,
				E46FC6DB1C7EDD0400DEFB45 /* Controller */,
				E46FC6DE1C7EDD0400DEFB45 /* Model */,
				E46FC6E41C7EDD0400DEFB45 /* View */,
				E46FC6DF1C7EDD0400DEFB45 /* Other */,
			);
			path = Classes;
			sourceTree = "<group>";
		};
		E46FC6D81C7EDD0400DEFB45 /* Category */ = {
			isa = PBXGroup;
			children = (
				E46FC6D91C7EDD0400DEFB45 /* UIView+Extension.h */,
				E46FC6DA1C7EDD0400DEFB45 /* UIView+Extension.m */,
			);
			path = Category;
			sourceTree = "<group>";
		};
		E46FC6DB1C7EDD0400DEFB45 /* Controller */ = {
			isa = PBXGroup;
			children = (
				E46FC6DC1C7EDD0400DEFB45 /* HZShopViewController.h */,
				E46FC6DD1C7EDD0400DEFB45 /* HZShopViewController.m */,
			);
			path = Controller;
			sourceTree = "<group>";
		};
		E46FC6DE1C7EDD0400DEFB45 /* Model */ = {
			isa = PBXGroup;
			children = (
				E46FC6F41C7EDD4100DEFB45 /* HZShop.h */,
				E46FC6F51C7EDD4100DEFB45 /* HZShop.m */,
			);
			path = Model;
			sourceTree = "<group>";
		};
		E46FC6DF1C7EDD0400DEFB45 /* Other */ = {
			isa = PBXGroup;
			children = (
				E46FC6E01C7EDD0400DEFB45 /* AppDelegate.h */,
				E46FC6E11C7EDD0400DEFB45 /* AppDelegate.m */,
				E46FC6E21C7EDD0400DEFB45 /* main.m */,
				E46FC6E31C7EDD0400DEFB45 /* Main.storyboard */,
			);
			path = Other;
			sourceTree = "<group>";
		};
		E46FC6E41C7EDD0400DEFB45 /* View */ = {
			isa = PBXGroup;
			children = (
				E46FC6E51C7EDD0400DEFB45 /* HZShopCell.h */,
				E46FC6E61C7EDD0400DEFB45 /* HZShopCell.m */,
			);
			path = View;
			sourceTree = "<group>";
		};
		E46FC6ED1C7EDD1700DEFB45 /* HZWaterfallFlow */ = {
			isa = PBXGroup;
			children = (
				E46FC6EE1C7EDD1700DEFB45 /* HZWaterfallFlowView.h */,
				E46FC6EF1C7EDD1700DEFB45 /* HZWaterfallFlowView.m */,
				E46FC6F01C7EDD1700DEFB45 /* HZWaterfallFlowViewCell.h */,
				E46FC6F11C7EDD1700DEFB45 /* HZWaterfallFlowViewCell.m */,
			);
			path = HZWaterfallFlow;
			sourceTree = "<group>";
		};
/* End PBXGroup section */

/* Begin PBXNativeTarget section */
		E41400181C7D829800B44FD2 /* WaterfallFlowDemoTests */ = {
			isa = PBXNativeTarget;
			buildConfigurationList = E41400301C7D829800B44FD2 /* Build configuration list for PBXNativeTarget "WaterfallFlowDemoTests" */;
			buildPhases = (
				E41400151C7D829800B44FD2 /* Sources */,
				E41400161C7D829800B44FD2 /* Frameworks */,
				E41400171C7D829800B44FD2 /* Resources */,
			);
			buildRules = (
			);
			dependencies = (
				E414001B1C7D829800B44FD2 /* PBXTargetDependency */,
			);
			name = WaterfallFlowDemoTests;
			productName = WaterfallFlowDemoTests;
			productReference = E41400191C7D829800B44FD2 /* WaterfallFlowDemoTests.xctest */;
			productType = "com.apple.product-type.bundle.unit-test";
		};
		E41400231C7D829800B44FD2 /* WaterfallFlowDemoUITests */ = {
			isa = PBXNativeTarget;
			buildConfigurationList = E41400331C7D829800B44FD2 /* Build configuration list for PBXNativeTarget "WaterfallFlowDemoUITests" */;
			buildPhases = (
				E41400201C7D829800B44FD2 /* Sources */,
				E41400211C7D829800B44FD2 /* Frameworks */,
				E41400221C7D829800B44FD2 /* Resources */,
			);
			buildRules = (
			);
			dependencies = (
				E41400261C7D829800B44FD2 /* PBXTargetDependency */,
			);
			name = WaterfallFlowDemoUITests;
			productName = WaterfallFlowDemoUITests;
			productReference = E41400241C7D829800B44FD2 /* WaterfallFlowDemoUITests.xctest */;
			productType = "com.apple.product-type.bundle.ui-testing";
		};
		E414FFFF1C7D829800B44FD2 /* WaterfallFlowDemo */ = {
			isa = PBXNativeTarget;
			buildConfigurationList = E414002D1C7D829800B44FD2 /* Build configuration list for PBXNativeTarget "WaterfallFlowDemo" */;
			buildPhases = (
				0E9E95EE130F9EABCC0B7899 /* Check Pods Manifest.lock */,
				E414FFFC1C7D829800B44FD2 /* Sources */,
				E414FFFD1C7D829800B44FD2 /* Frameworks */,
				E414FFFE1C7D829800B44FD2 /* Resources */,
				7C5DC6EF6F408EF92301287D /* Embed Pods Frameworks */,
				243248A22D9FCD21285F165B /* Copy Pods Resources */,
			);
			buildRules = (
			);
			dependencies = (
			);
			name = WaterfallFlowDemo;
			productName = WaterfallFlowDemo;
			productReference = E41400001C7D829800B44FD2 /* WaterfallFlowDemo.app */;
			productType = "com.apple.product-type.application";
		};
/* End PBXNativeTarget section */

/* Begin PBXProject section */
		E414FFF81C7D829800B44FD2 /* Project object */ = {
			isa = PBXProject;
			attributes = {
				CLASSPREFIX = HZ;
				LastUpgradeCheck = 0720;
				ORGANIZATIONNAME = e29hz;
				TargetAttributes = {
					E41400181C7D829800B44FD2 = {
						CreatedOnToolsVersion = 7.2.1;
						DevelopmentTeam = 2EWQ7L7QV9;
						TestTargetID = E414FFFF1C7D829800B44FD2;
					};
					E41400231C7D829800B44FD2 = {
						CreatedOnToolsVersion = 7.2.1;
						DevelopmentTeam = 2EWQ7L7QV9;
						TestTargetID = E414FFFF1C7D829800B44FD2;
					};
					E414FFFF1C7D829800B44FD2 = {
						CreatedOnToolsVersion = 7.2.1;
						DevelopmentTeam = 2EWQ7L7QV9;
					};
				};
			};
			buildConfigurationList = E414FFFB1C7D829800B44FD2 /* Build configuration list for PBXProject "WaterfallFlowDemo" */;
			compatibilityVersion = "Xcode 3.2";
			developmentRegion = English;
			hasScannedForEncodings = 0;
			knownRegions = (
				en,
				Base,
			);
			mainGroup = E414FFF71C7D829800B44FD2;
			productRefGroup = E41400011C7D829800B44FD2 /* Products */;
			projectDirPath = "";
			projectRoot = "";
			targets = (
				E414FFFF1C7D829800B44FD2 /* WaterfallFlowDemo */,
				E41400181C7D829800B44FD2 /* WaterfallFlowDemoTests */,
				E41400231C7D829800B44FD2 /* WaterfallFlowDemoUITests */,
			);
		};
/* End PBXProject section */

/* Begin PBXResourcesBuildPhase section */
		E41400171C7D829800B44FD2 /* Resources */ = {
			isa = PBXResourcesBuildPhase;
			buildActionMask = 2147483647;
			files = (
			);
			runOnlyForDeploymentPostprocessing = 0;
		};
		E41400221C7D829800B44FD2 /* Resources */ = {
			isa = PBXResourcesBuildPhase;
			buildActionMask = 2147483647;
			files = (
			);
			runOnlyForDeploymentPostprocessing = 0;
		};
		E414FFFE1C7D829800B44FD2 /* Resources */ = {
			isa = PBXResourcesBuildPhase;
			buildActionMask = 2147483647;
			files = (
				E46FC6FC1C7EDE3500DEFB45 /* 3.plist in Resources */,
				E46FC6EB1C7EDD0400DEFB45 /* Main.storyboard in Resources */,
				E46FC6FB1C7EDE3500DEFB45 /* 2.plist in Resources */,
				E41400131C7D829800B44FD2 /* LaunchScreen.storyboard in Resources */,
				E46FC6FA1C7EDE3500DEFB45 /* 1.plist in Resources */,
				E41400101C7D829800B44FD2 /* Assets.xcassets in Resources */,
			);
			runOnlyForDeploymentPostprocessing = 0;
		};
/* End PBXResourcesBuildPhase section */

/* Begin PBXShellScriptBuildPhase section */
		0E9E95EE130F9EABCC0B7899 /* Check Pods Manifest.lock */ = {
			isa = PBXShellScriptBuildPhase;
			buildActionMask = 2147483647;
			files = (
			);
			inputPaths = (
			);
			name = "Check Pods Manifest.lock";
			outputPaths = (
			);
			runOnlyForDeploymentPostprocessing = 0;
			shellPath = /bin/sh;
			shellScript = "diff \"${PODS_ROOT}/../Podfile.lock\" \"${PODS_ROOT}/Manifest.lock\" > /dev/null\nif [[ $? != 0 ]] ; then\n    cat << EOM\nerror: The sandbox is not in sync with the Podfile.lock. Run 'pod install' or update your CocoaPods installation.\nEOM\n    exit 1\nfi\n";
			showEnvVarsInLog = 0;
		};
		243248A22D9FCD21285F165B /* Copy Pods Resources */ = {
			isa = PBXShellScriptBuildPhase;
			buildActionMask = 2147483647;
			files = (
			);
			inputPaths = (
			);
			name = "Copy Pods Resources";
			outputPaths = (
			);
			runOnlyForDeploymentPostprocessing = 0;
			shellPath = /bin/sh;
			shellScript = "\"${SRCROOT}/Pods/Target Support Files/Pods-WaterfallFlowDemo/Pods-WaterfallFlowDemo-resources.sh\"\n";
			showEnvVarsInLog = 0;
		};
		7C5DC6EF6F408EF92301287D /* Embed Pods Frameworks */ = {
			isa = PBXShellScriptBuildPhase;
			buildActionMask = 2147483647;
			files = (
			);
			inputPaths = (
			);
			name = "Embed Pods Frameworks";
			outputPaths = (
			);
			runOnlyForDeploymentPostprocessing = 0;
			shellPath = /bin/sh;
			shellScript = "\"${SRCROOT}/Pods/Target Support Files/Pods-WaterfallFlowDemo/Pods-WaterfallFlowDemo-frameworks.sh\"\n";
			showEnvVarsInLog = 0;
		};
/* End PBXShellScriptBuildPhase section */

/* Begin PBXSourcesBuildPhase section */
		E41400151C7D829800B44FD2 /* Sources */ = {
			isa = PBXSourcesBuildPhase;
			buildActionMask = 2147483647;
			files = (
				E414001E1C7D829800B44FD2 /* WaterfallFlowDemoTests.m in Sources */,
			);
			runOnlyForDeploymentPostprocessing = 0;
		};
		E41400201C7D829800B44FD2 /* Sources */ = {
			isa = PBXSourcesBuildPhase;
			buildActionMask = 2147483647;
			files = (
				E41400291C7D829800B44FD2 /* WaterfallFlowDemoUITests.m in Sources */,
			);
			runOnlyForDeploymentPostprocessing = 0;
		};
		E414FFFC1C7D829800B44FD2 /* Sources */ = {
			isa = PBXSourcesBuildPhase;
			buildActionMask = 2147483647;
			files = (
				E46FC6E81C7EDD0400DEFB45 /* HZShopViewController.m in Sources */,
				E46FC6EC1C7EDD0400DEFB45 /* HZShopCell.m in Sources */,
				E46FC6E71C7EDD0400DEFB45 /* UIView+Extension.m in Sources */,
				E46FC6F31C7EDD1700DEFB45 /* HZWaterfallFlowViewCell.m in Sources */,
				E46FC6F21C7EDD1700DEFB45 /* HZWaterfallFlowView.m in Sources */,
				E46FC6EA1C7EDD0400DEFB45 /* main.m in Sources */,
				E46FC6E91C7EDD0400DEFB45 /* AppDelegate.m in Sources */,
				E46FC6F61C7EDD4100DEFB45 /* HZShop.m in Sources */,
			);
			runOnlyForDeploymentPostprocessing = 0;
		};
/* End PBXSourcesBuildPhase section */

/* Begin PBXTargetDependency section */
		E414001B1C7D829800B44FD2 /* PBXTargetDependency */ = {
			isa = PBXTargetDependency;
			target = E414FFFF1C7D829800B44FD2 /* WaterfallFlowDemo */;
			targetProxy = E414001A1C7D829800B44FD2 /* PBXContainerItemProxy */;
		};
		E41400261C7D829800B44FD2 /* PBXTargetDependency */ = {
			isa = PBXTargetDependency;
			target = E414FFFF1C7D829800B44FD2 /* WaterfallFlowDemo */;
			targetProxy = E41400251C7D829800B44FD2 /* PBXContainerItemProxy */;
		};
/* End PBXTargetDependency section */

/* Begin PBXVariantGroup section */
		E41400111C7D829800B44FD2 /* LaunchScreen.storyboard */ = {
			isa = PBXVariantGroup;
			children = (
				E41400121C7D829800B44FD2 /* Base */,
			);
			name = LaunchScreen.storyboard;
			sourceTree = "<group>";
		};
/* End PBXVariantGroup section */

/* Begin XCBuildConfiguration section */
		E414002B1C7D829800B44FD2 /* Debug */ = {
			isa = XCBuildConfiguration;
			buildSettings = {
				ALWAYS_SEARCH_USER_PATHS = NO;
				CLANG_CXX_LANGUAGE_STANDARD = "gnu++0x";
				CLANG_CXX_LIBRARY = "libc++";
				CLANG_ENABLE_MODULES = YES;
				CLANG_ENABLE_OBJC_ARC = YES;
				CLANG_WARN_BOOL_CONVERSION = YES;
				CLANG_WARN_CONSTANT_CONVERSION = YES;
				CLANG_WARN_DIRECT_OBJC_ISA_USAGE = YES_ERROR;
				CLANG_WARN_EMPTY_BODY = YES;
				CLANG_WARN_ENUM_CONVERSION = YES;
				CLANG_WARN_INT_CONVERSION = YES;
				CLANG_WARN_OBJC_ROOT_CLASS = YES_ERROR;
				CLANG_WARN_UNREACHABLE_CODE = YES;
				CLANG_WARN__DUPLICATE_METHOD_MATCH = YES;
				"CODE_SIGN_IDENTITY[sdk=iphoneos*]" = "iPhone Developer";
				COPY_PHASE_STRIP = NO;
				DEBUG_INFORMATION_FORMAT = dwarf;
				ENABLE_STRICT_OBJC_MSGSEND = YES;
				ENABLE_TESTABILITY = YES;
				GCC_C_LANGUAGE_STANDARD = gnu99;
				GCC_DYNAMIC_NO_PIC = NO;
				GCC_NO_COMMON_BLOCKS = YES;
				GCC_OPTIMIZATION_LEVEL = 0;
				GCC_PREPROCESSOR_DEFINITIONS = (
					"DEBUG=1",
					"$(inherited)",
				);
				GCC_WARN_64_TO_32_BIT_CONVERSION = YES;
				GCC_WARN_ABOUT_RETURN_TYPE = YES_ERROR;
				GCC_WARN_UNDECLARED_SELECTOR = YES;
				GCC_WARN_UNINITIALIZED_AUTOS = YES_AGGRESSIVE;
				GCC_WARN_UNUSED_FUNCTION = YES;
				GCC_WARN_UNUSED_VARIABLE = YES;
				IPHONEOS_DEPLOYMENT_TARGET = 9.2;
				MTL_ENABLE_DEBUG_INFO = YES;
				ONLY_ACTIVE_ARCH = YES;
				SDKROOT = iphoneos;
			};
			name = Debug;
		};
		E414002C1C7D829800B44FD2 /* Release */ = {
			isa = XCBuildConfiguration;
			buildSettings = {
				ALWAYS_SEARCH_USER_PATHS = NO;
				CLANG_CXX_LANGUAGE_STANDARD = "gnu++0x";
				CLANG_CXX_LIBRARY = "libc++";
				CLANG_ENABLE_MODULES = YES;
				CLANG_ENABLE_OBJC_ARC = YES;
				CLANG_WARN_BOOL_CONVERSION = YES;
				CLANG_WARN_CONSTANT_CONVERSION = YES;
				CLANG_WARN_DIRECT_OBJC_ISA_USAGE = YES_ERROR;
				CLANG_WARN_EMPTY_BODY = YES;
				CLANG_WARN_ENUM_CONVERSION = YES;
				CLANG_WARN_INT_CONVERSION = YES;
				CLANG_WARN_OBJC_ROOT_CLASS = YES_ERROR;
				CLANG_WARN_UNREACHABLE_CODE = YES;
				CLANG_WARN__DUPLICATE_METHOD_MATCH = YES;
				"CODE_SIGN_IDENTITY[sdk=iphoneos*]" = "iPhone Developer";
				COPY_PHASE_STRIP = NO;
				DEBUG_INFORMATION_FORMAT = "dwarf-with-dsym";
				ENABLE_NS_ASSERTIONS = NO;
				ENABLE_STRICT_OBJC_MSGSEND = YES;
				GCC_C_LANGUAGE_STANDARD = gnu99;
				GCC_NO_COMMON_BLOCKS = YES;
				GCC_WARN_64_TO_32_BIT_CONVERSION = YES;
				GCC_WARN_ABOUT_RETURN_TYPE = YES_ERROR;
				GCC_WARN_UNDECLARED_SELECTOR = YES;
				GCC_WARN_UNINITIALIZED_AUTOS = YES_AGGRESSIVE;
				GCC_WARN_UNUSED_FUNCTION = YES;
				GCC_WARN_UNUSED_VARIABLE = YES;
				IPHONEOS_DEPLOYMENT_TARGET = 9.2;
				MTL_ENABLE_DEBUG_INFO = NO;
				SDKROOT = iphoneos;
				VALIDATE_PRODUCT = YES;
			};
			name = Release;
		};
		E414002E1C7D829800B44FD2 /* Debug */ = {
			isa = XCBuildConfiguration;
			baseConfigurationReference = FD7389C50A51255BFD3E60A1 /* Pods-WaterfallFlowDemo.debug.xcconfig */;
			buildSettings = {
				ASSETCATALOG_COMPILER_APPICON_NAME = AppIcon;
				CODE_SIGN_IDENTITY = "iPhone Developer";
				GCC_PREFIX_HEADER = "$(SRCROOT)/WaterfallFlowDemo/HZPrefixHeader.pch";
				INFOPLIST_FILE = WaterfallFlowDemo/Info.plist;
				LD_RUNPATH_SEARCH_PATHS = "$(inherited) @executable_path/Frameworks";
				PRODUCT_BUNDLE_IDENTIFIER = com.e29hz.WaterfallFlowDemo;
				PRODUCT_NAME = "$(TARGET_NAME)";
			};
			name = Debug;
		};
		E414002F1C7D829800B44FD2 /* Release */ = {
			isa = XCBuildConfiguration;
			baseConfigurationReference = 04A2724EE7F059B6D47B20B7 /* Pods-WaterfallFlowDemo.release.xcconfig */;
			buildSettings = {
				ASSETCATALOG_COMPILER_APPICON_NAME = AppIcon;
				CODE_SIGN_IDENTITY = "iPhone Developer";
				GCC_PREFIX_HEADER = "$(SRCROOT)/WaterfallFlowDemo/HZPrefixHeader.pch";
				INFOPLIST_FILE = WaterfallFlowDemo/Info.plist;
				LD_RUNPATH_SEARCH_PATHS = "$(inherited) @executable_path/Frameworks";
				PRODUCT_BUNDLE_IDENTIFIER = com.e29hz.WaterfallFlowDemo;
				PRODUCT_NAME = "$(TARGET_NAME)";
			};
			name = Release;
		};
		E41400311C7D829800B44FD2 /* Debug */ = {
			isa = XCBuildConfiguration;
			buildSettings = {
				BUNDLE_LOADER = "$(TEST_HOST)";
				INFOPLIST_FILE = WaterfallFlowDemoTests/Info.plist;
				LD_RUNPATH_SEARCH_PATHS = "$(inherited) @executable_path/Frameworks @loader_path/Frameworks";
				PRODUCT_BUNDLE_IDENTIFIER = com.e29hz.WaterfallFlowDemoTests;
				PRODUCT_NAME = "$(TARGET_NAME)";
				TEST_HOST = "$(BUILT_PRODUCTS_DIR)/WaterfallFlowDemo.app/WaterfallFlowDemo";
			};
			name = Debug;
		};
		E41400321C7D829800B44FD2 /* Release */ = {
			isa = XCBuildConfiguration;
			buildSettings = {
				BUNDLE_LOADER = "$(TEST_HOST)";
				INFOPLIST_FILE = WaterfallFlowDemoTests/Info.plist;
				LD_RUNPATH_SEARCH_PATHS = "$(inherited) @executable_path/Frameworks @loader_path/Frameworks";
				PRODUCT_BUNDLE_IDENTIFIER = com.e29hz.WaterfallFlowDemoTests;
				PRODUCT_NAME = "$(TARGET_NAME)";
				TEST_HOST = "$(BUILT_PRODUCTS_DIR)/WaterfallFlowDemo.app/WaterfallFlowDemo";
			};
			name = Release;
		};
		E41400341C7D829800B44FD2 /* Debug */ = {
			isa = XCBuildConfiguration;
			buildSettings = {
				INFOPLIST_FILE = WaterfallFlowDemoUITests/Info.plist;
				LD_RUNPATH_SEARCH_PATHS = "$(inherited) @executable_path/Frameworks @loader_path/Frameworks";
				PRODUCT_BUNDLE_IDENTIFIER = com.e29hz.WaterfallFlowDemoUITests;
				PRODUCT_NAME = "$(TARGET_NAME)";
				TEST_TARGET_NAME = WaterfallFlowDemo;
				USES_XCTRUNNER = YES;
			};
			name = Debug;
		};
		E41400351C7D829800B44FD2 /* Release */ = {
			isa = XCBuildConfiguration;
			buildSettings = {
				INFOPLIST_FILE = WaterfallFlowDemoUITests/Info.plist;
				LD_RUNPATH_SEARCH_PATHS = "$(inherited) @executable_path/Frameworks @loader_path/Frameworks";
				PRODUCT_BUNDLE_IDENTIFIER = com.e29hz.WaterfallFlowDemoUITests;
				PRODUCT_NAME = "$(TARGET_NAME)";
				TEST_TARGET_NAME = WaterfallFlowDemo;
				USES_XCTRUNNER = YES;
			};
			name = Release;
		};
/* End XCBuildConfiguration section */

/* Begin XCConfigurationList section */
		E414002D1C7D829800B44FD2 /* Build configuration list for PBXNativeTarget "WaterfallFlowDemo" */ = {
			isa = XCConfigurationList;
			buildConfigurations = (
				E414002E1C7D829800B44FD2 /* Debug */,
				E414002F1C7D829800B44FD2 /* Release */,
			);
			defaultConfigurationIsVisible = 0;
			defaultConfigurationName = Release;
		};
		E41400301C7D829800B44FD2 /* Build configuration list for PBXNativeTarget "WaterfallFlowDemoTests" */ = {
			isa = XCConfigurationList;
			buildConfigurations = (
				E41400311C7D829800B44FD2 /* Debug */,
				E41400321C7D829800B44FD2 /* Release */,
			);
			defaultConfigurationIsVisible = 0;
			defaultConfigurationName = Release;
		};
		E41400331C7D829800B44FD2 /* Build configuration list for PBXNativeTarget "WaterfallFlowDemoUITests" */ = {
			isa = XCConfigurationList;
			buildConfigurations = (
				E41400341C7D829800B44FD2 /* Debug */,
				E41400351C7D829800B44FD2 /* Release */,
			);
			defaultConfigurationIsVisible = 0;
			defaultConfigurationName = Release;
		};
		E414FFFB1C7D829800B44FD2 /* Build configuration list for PBXProject "WaterfallFlowDemo" */ = {
			isa = XCConfigurationList;
			buildConfigurations = (
				E414002B1C7D829800B44FD2 /* Debug */,
				E414002C1C7D829800B44FD2 /* Release */,
			);
			defaultConfigurationIsVisible = 0;
			defaultConfigurationName = Release;
		};
/* End XCConfigurationList section */
	};
	rootObject = E414FFF81C7D829800B44FD2 /* Project object */;
}
